
Microsoft Visual Studio Solution File, Format Version 12.00
# Visual Studio Version 16
VisualStudioVersion = 16.0.29503.13
MinimumVisualStudioVersion = 10.0.40219.1
Project("{2150E333-8FDC-42A3-9474-1A3956D46DE8}") = "ExternalAuth", "ExternalAuth", "{34074992-AD46-4B8F-91D6-447CD69A11B1}"
EndProject
Project("{9A19103F-16F7-4668-BE54-9A1E7A4F7556}") = "IdentityServer", "ExternalAuthorization\IdentityServerHost\IdentityServer.csproj", "{B1D75E0E-180A-40E5-B5C8-636991883DF9}"
EndProject
Project("{9A19103F-16F7-4668-BE54-9A1E7A4F7556}") = "MoviesLibrary", "ExternalAuthorization\MoviesWebApp\MoviesLibrary\MoviesLibrary.csproj", "{C0549C0B-3A60-4A40-AB82-B2430D6AED3D}"
EndProject
Project("{9A19103F-16F7-4668-BE54-9A1E7A4F7556}") = "MoviesWebApp", "ExternalAuthorization\MoviesWebApp\MoviesWebApp\MoviesWebApp.csproj", "{1EC3671F-BDC1-4D63-B578-649D3082029A}"
EndProject
Project("{2150E333-8FDC-42A3-9474-1A3956D46DE8}") = "SingleScopedWebApi", "SingleScopedWebApi", "{E29101BA-4D8D-4516-BAEE-19743D98960D}"
EndProject
Project("{2150E333-8FDC-42A3-9474-1A3956D46DE8}") = "MultiScopedWebApi", "MultiScopedWebApi", "{9CF6E228-ED08-4B22-9FDC-8111C6B8E141}"
EndProject
Project("{2150E333-8FDC-42A3-9474-1A3956D46DE8}") = "WebApi", "WebApi", "{B67F1C82-C785-4BE7-98C8-72E372654A32}"
EndProject
Project("{2150E333-8FDC-42A3-9474-1A3956D46DE8}") = "SimpleClaimsApp", "SimpleClaimsApp", "{E3E016C8-B193-4BAD-AA81-2F5E4B94D054}"
EndProject
Project("{9A19103F-16F7-4668-BE54-9A1E7A4F7556}") = "ClaimsApp", "SimpleClaimsApp\ClaimsApp.csproj", "{9841CBCC-13EF-47A6-95AC-BCA88D89869A}"
EndProject
Project("{2150E333-8FDC-42A3-9474-1A3956D46DE8}") = "InternalAuth", "InternalAuth", "{493C9926-B1E5-41AA-A96F-EAA695703ECE}"
EndProject
Project("{9A19103F-16F7-4668-BE54-9A1E7A4F7556}") = "AspMvcMovieApp", "InternalAuthorization\AspMvcMovieApp\AspMvcMovieApp.csproj", "{E6BABBE8-E8D8-4A9F-947D-22DCC8008AB5}"
EndProject
Project("{9A19103F-16F7-4668-BE54-9A1E7A4F7556}") = "ClientApp", "WebApi\SingleScoped\ClientApp\ClientApp.csproj", "{32F5A293-3864-41B2-A845-6696FC1D136E}"
EndProject
Project("{9A19103F-16F7-4668-BE54-9A1E7A4F7556}") = "IdentityServer", "WebApi\SingleScoped\IdentityServer\IdentityServer.csproj", "{1C40821F-5051-49F7-8D23-5CEDD3C5B739}"
EndProject
Project("{9A19103F-16F7-4668-BE54-9A1E7A4F7556}") = "ClientApp", "WebApi\MultipleScoped\ClientApp\ClientApp.csproj", "{4D2BCCAE-CD07-4BE5-B348-FA36BBB2753B}"
EndProject
Project("{9A19103F-16F7-4668-BE54-9A1E7A4F7556}") = "IdentityServer", "WebApi\MultipleScoped\IdentityServer\IdentityServer.csproj", "{694D1212-F069-4961-864B-A5444E4C7DB1}"
EndProject
Project("{9A19103F-16F7-4668-BE54-9A1E7A4F7556}") = "WebApi", "WebApi\MultipleScoped\WebApi\WebApi.csproj", "{3C5C9589-F20A-42CA-BC29-23037DF30BEA}"
EndProject
Project("{9A19103F-16F7-4668-BE54-9A1E7A4F7556}") = "WebApi", "WebApi\SingleScoped\WebApi\WebApi.csproj", "{6B5D3A27-CB63-47D6-AF44-CAE91AF87484}"
EndProject
Project("{2150E333-8FDC-42A3-9474-1A3956D46DE8}") = "MVC", "MVC", "{5BF3F095-6F97-4068-A8C9-931A32DD7E2F}"
EndProject
Project("{9A19103F-16F7-4668-BE54-9A1E7A4F7556}") = "IdentityServer", "MVC\IdentityServer\IdentityServer.csproj", "{7066025E-3079-4E62-8E3C-6D0927110365}"
EndProject
Global
	GlobalSection(SolutionConfigurationPlatforms) = preSolution
		Debug|Any CPU = Debug|Any CPU
		Release|Any CPU = Release|Any CPU
	EndGlobalSection
	GlobalSection(ProjectConfigurationPlatforms) = postSolution
		{B1D75E0E-180A-40E5-B5C8-636991883DF9}.Debug|Any CPU.ActiveCfg = Debug|Any CPU
		{B1D75E0E-180A-40E5-B5C8-636991883DF9}.Debug|Any CPU.Build.0 = Debug|Any CPU
		{B1D75E0E-180A-40E5-B5C8-636991883DF9}.Release|Any CPU.ActiveCfg = Release|Any CPU
		{B1D75E0E-180A-40E5-B5C8-636991883DF9}.Release|Any CPU.Build.0 = Release|Any CPU
		{C0549C0B-3A60-4A40-AB82-B2430D6AED3D}.Debug|Any CPU.ActiveCfg = Debug|Any CPU
		{C0549C0B-3A60-4A40-AB82-B2430D6AED3D}.Debug|Any CPU.Build.0 = Debug|Any CPU
		{C0549C0B-3A60-4A40-AB82-B2430D6AED3D}.Release|Any CPU.ActiveCfg = Release|Any CPU
		{C0549C0B-3A60-4A40-AB82-B2430D6AED3D}.Release|Any CPU.Build.0 = Release|Any CPU
		{1EC3671F-BDC1-4D63-B578-649D3082029A}.Debug|Any CPU.ActiveCfg = Debug|Any CPU
		{1EC3671F-BDC1-4D63-B578-649D3082029A}.Debug|Any CPU.Build.0 = Debug|Any CPU
		{1EC3671F-BDC1-4D63-B578-649D3082029A}.Release|Any CPU.ActiveCfg = Release|Any CPU
		{1EC3671F-BDC1-4D63-B578-649D3082029A}.Release|Any CPU.Build.0 = Release|Any CPU
		{9841CBCC-13EF-47A6-95AC-BCA88D89869A}.Debug|Any CPU.ActiveCfg = Debug|Any CPU
		{9841CBCC-13EF-47A6-95AC-BCA88D89869A}.Debug|Any CPU.Build.0 = Debug|Any CPU
		{9841CBCC-13EF-47A6-95AC-BCA88D89869A}.Release|Any CPU.ActiveCfg = Release|Any CPU
		{9841CBCC-13EF-47A6-95AC-BCA88D89869A}.Release|Any CPU.Build.0 = Release|Any CPU
		{E6BABBE8-E8D8-4A9F-947D-22DCC8008AB5}.Debug|Any CPU.ActiveCfg = Debug|Any CPU
		{E6BABBE8-E8D8-4A9F-947D-22DCC8008AB5}.Debug|Any CPU.Build.0 = Debug|Any CPU
		{E6BABBE8-E8D8-4A9F-947D-22DCC8008AB5}.Release|Any CPU.ActiveCfg = Release|Any CPU
		{E6BABBE8-E8D8-4A9F-947D-22DCC8008AB5}.Release|Any CPU.Build.0 = Release|Any CPU
		{32F5A293-3864-41B2-A845-6696FC1D136E}.Debug|Any CPU.ActiveCfg = Debug|Any CPU
		{32F5A293-3864-41B2-A845-6696FC1D136E}.Debug|Any CPU.Build.0 = Debug|Any CPU
		{32F5A293-3864-41B2-A845-6696FC1D136E}.Release|Any CPU.ActiveCfg = Release|Any CPU
		{32F5A293-3864-41B2-A845-6696FC1D136E}.Release|Any CPU.Build.0 = Release|Any CPU
		{1C40821F-5051-49F7-8D23-5CEDD3C5B739}.Debug|Any CPU.ActiveCfg = Debug|Any CPU
		{1C40821F-5051-49F7-8D23-5CEDD3C5B739}.Debug|Any CPU.Build.0 = Debug|Any CPU
		{1C40821F-5051-49F7-8D23-5CEDD3C5B739}.Release|Any CPU.ActiveCfg = Release|Any CPU
		{1C40821F-5051-49F7-8D23-5CEDD3C5B739}.Release|Any CPU.Build.0 = Release|Any CPU
		{4D2BCCAE-CD07-4BE5-B348-FA36BBB2753B}.Debug|Any CPU.ActiveCfg = Debug|Any CPU
		{4D2BCCAE-CD07-4BE5-B348-FA36BBB2753B}.Debug|Any CPU.Build.0 = Debug|Any CPU
		{4D2BCCAE-CD07-4BE5-B348-FA36BBB2753B}.Release|Any CPU.ActiveCfg = Release|Any CPU
		{4D2BCCAE-CD07-4BE5-B348-FA36BBB2753B}.Release|Any CPU.Build.0 = Release|Any CPU
		{694D1212-F069-4961-864B-A5444E4C7DB1}.Debug|Any CPU.ActiveCfg = Debug|Any CPU
		{694D1212-F069-4961-864B-A5444E4C7DB1}.Debug|Any CPU.Build.0 = Debug|Any CPU
		{694D1212-F069-4961-864B-A5444E4C7DB1}.Release|Any CPU.ActiveCfg = Release|Any CPU
		{694D1212-F069-4961-864B-A5444E4C7DB1}.Release|Any CPU.Build.0 = Release|Any CPU
		{3C5C9589-F20A-42CA-BC29-23037DF30BEA}.Debug|Any CPU.ActiveCfg = Debug|Any CPU
		{3C5C9589-F20A-42CA-BC29-23037DF30BEA}.Debug|Any CPU.Build.0 = Debug|Any CPU
		{3C5C9589-F20A-42CA-BC29-23037DF30BEA}.Release|Any CPU.ActiveCfg = Release|Any CPU
		{3C5C9589-F20A-42CA-BC29-23037DF30BEA}.Release|Any CPU.Build.0 = Release|Any CPU
		{6B5D3A27-CB63-47D6-AF44-CAE91AF87484}.Debug|Any CPU.ActiveCfg = Debug|Any CPU
		{6B5D3A27-CB63-47D6-AF44-CAE91AF87484}.Debug|Any CPU.Build.0 = Debug|Any CPU
		{6B5D3A27-CB63-47D6-AF44-CAE91AF87484}.Release|Any CPU.ActiveCfg = Release|Any CPU
		{6B5D3A27-CB63-47D6-AF44-CAE91AF87484}.Release|Any CPU.Build.0 = Release|Any CPU
		{7066025E-3079-4E62-8E3C-6D0927110365}.Debug|Any CPU.ActiveCfg = Debug|Any CPU
		{7066025E-3079-4E62-8E3C-6D0927110365}.Debug|Any CPU.Build.0 = Debug|Any CPU
		{7066025E-3079-4E62-8E3C-6D0927110365}.Release|Any CPU.ActiveCfg = Release|Any CPU
		{7066025E-3079-4E62-8E3C-6D0927110365}.Release|Any CPU.Build.0 = Release|Any CPU
	EndGlobalSection
	GlobalSection(SolutionProperties) = preSolution
		HideSolutionNode = FALSE
	EndGlobalSection
	GlobalSection(NestedProjects) = preSolution
		{B1D75E0E-180A-40E5-B5C8-636991883DF9} = {34074992-AD46-4B8F-91D6-447CD69A11B1}
		{C0549C0B-3A60-4A40-AB82-B2430D6AED3D} = {34074992-AD46-4B8F-91D6-447CD69A11B1}
		{1EC3671F-BDC1-4D63-B578-649D3082029A} = {34074992-AD46-4B8F-91D6-447CD69A11B1}
		{E29101BA-4D8D-4516-BAEE-19743D98960D} = {B67F1C82-C785-4BE7-98C8-72E372654A32}
		{9CF6E228-ED08-4B22-9FDC-8111C6B8E141} = {B67F1C82-C785-4BE7-98C8-72E372654A32}
		{9841CBCC-13EF-47A6-95AC-BCA88D89869A} = {E3E016C8-B193-4BAD-AA81-2F5E4B94D054}
		{E6BABBE8-E8D8-4A9F-947D-22DCC8008AB5} = {493C9926-B1E5-41AA-A96F-EAA695703ECE}
		{32F5A293-3864-41B2-A845-6696FC1D136E} = {E29101BA-4D8D-4516-BAEE-19743D98960D}
		{1C40821F-5051-49F7-8D23-5CEDD3C5B739} = {E29101BA-4D8D-4516-BAEE-19743D98960D}
		{4D2BCCAE-CD07-4BE5-B348-FA36BBB2753B} = {9CF6E228-ED08-4B22-9FDC-8111C6B8E141}
		{694D1212-F069-4961-864B-A5444E4C7DB1} = {9CF6E228-ED08-4B22-9FDC-8111C6B8E141}
		{3C5C9589-F20A-42CA-BC29-23037DF30BEA} = {9CF6E228-ED08-4B22-9FDC-8111C6B8E141}
		{6B5D3A27-CB63-47D6-AF44-CAE91AF87484} = {E29101BA-4D8D-4516-BAEE-19743D98960D}
		{7066025E-3079-4E62-8E3C-6D0927110365} = {5BF3F095-6F97-4068-A8C9-931A32DD7E2F}
	EndGlobalSection
	GlobalSection(ExtensibilityGlobals) = postSolution
		SolutionGuid = {E6AE3B9C-8452-4EDE-BEB6-C72AD9EEFC42}
	EndGlobalSection
EndGlobal
